
Microsoft Visual Studio Solution File, Format Version 12.00
# Visual Studio Version 16
VisualStudioVersion = 16.0.29418.71
MinimumVisualStudioVersion = 10.0.40219.1
Project("{FAE04EC0-301F-11D3-BF4B-00C04F79EFBC}") = "radyo", "radyo\radyo.csproj", "{527191B6-041F-4A0E-BB60-68074DEB1735}"
EndProject
Global
	GlobalSection(SolutionConfigurationPlatforms) = preSolution
		Debug|Any CPU = Debug|Any CPU
		Release|Any CPU = Release|Any CPU
	EndGlobalSection
	GlobalSection(ProjectConfigurationPlatforms) = postSolution
		{527191B6-041F-4A0E-BB60-68074DEB1735}.Debug|Any CPU.ActiveCfg = Debug|Any CPU
		{527191B6-041F-4A0E-BB60-68074DEB1735}.Debug|Any CPU.Build.0 = Debug|Any CPU
		{527191B6-041F-4A0E-BB60-68074DEB1735}.Release|Any CPU.ActiveCfg = Release|Any CPU
		{527191B6-041F-4A0E-BB60-68074DEB1735}.Release|Any CPU.Build.0 = Release|Any CPU
	EndGlobalSection
	GlobalSection(SolutionProperties) = preSolution
		HideSolutionNode = FALSE
	EndGlobalSection
	GlobalSection(ExtensibilityGlobals) = postSolution
		SolutionGuid = {15133FF8-E4DB-428D-9B3C-D22B7FC6006B}
	EndGlobalSection
EndGlobal
